github.com/lysShub/debug-go v1.0.0 h1:ycgtiDk0oYGAzfjIapOgFD38kqlEeE2Wkw/H9j+EM40=
github.com/lysShub/debug-go v1.0.0/go.mod h1:CNRRJzpWlIqImdsnJf0l/MSqpSllYxeJQ1zVo7sUr7g=
github.com/lysShub/debug-go v1.1.0 h1:U8UovRQifdqoFJp27C2usTAVcvrAtyd/iLGwD4cueiY=
github.com/lysShub/debug-go v1.1.0/go.mod h1:CNRRJzpWlIqImdsnJf0l/MSqpSllYxeJQ1zVo7sUr7g=
